// !$*UTF8*$!
{
	archiveVersion = 1;
	classes = {
	};
	objectVersion = 77;
	objects = {

/* Begin PBXBuildFile section */
		DE4F56A12E3D19CC0014A5D1 /* zenloopmonitor.appex in Embed ExtensionKit Extensions */ = {isa = PBXBuildFile; fileRef = DE4F56982E3D19CC0014A5D1 /* zenloopmonitor.appex */; settings = {ATTRIBUTES = (RemoveHeadersOnCopy, ); }; };
		DE4F56D02E3D1B7B0014A5D1 /* zenloopactivity.appex in Embed ExtensionKit Extensions */ = {isa = PBXBuildFile; fileRef = DE4F56C42E3D1B7B0014A5D1 /* zenloopactivity.appex */; settings = {ATTRIBUTES = (RemoveHeadersOnCopy, ); }; };
		DEAC3E9B2E3E162400007D9D /* ManagedSettings.framework in Frameworks */ = {isa = PBXBuildFile; fileRef = DEAC3E9A2E3E162400007D9D /* ManagedSettings.framework */; };
		DEAC3EA32E3E162400007D9D /* zenloopshieldaction.appex in Embed Foundation Extensions */ = {isa = PBXBuildFile; fileRef = DEAC3E992E3E162400007D9D /* zenloopshieldaction.appex */; settings = {ATTRIBUTES = (RemoveHeadersOnCopy, ); }; };
		DEAC3EAD2E3E167500007D9D /* ManagedSettings.framework in Frameworks */ = {isa = PBXBuildFile; fileRef = DEAC3E9A2E3E162400007D9D /* ManagedSettings.framework */; };
		DEAC3EAF2E3E167500007D9D /* ManagedSettingsUI.framework in Frameworks */ = {isa = PBXBuildFile; fileRef = DEAC3EAE2E3E167500007D9D /* ManagedSettingsUI.framework */; };
		DEAC3EB72E3E167500007D9D /* zenloopshieldconfig.appex in Embed Foundation Extensions */ = {isa = PBXBuildFile; fileRef = DEAC3EAC2E3E167500007D9D /* zenloopshieldconfig.appex */; settings = {ATTRIBUTES = (RemoveHeadersOnCopy, ); }; };
		DEC60E842E60473900B4B061 /* WidgetKit.framework in Frameworks */ = {isa = PBXBuildFile; fileRef = DEC60E832E60473900B4B061 /* WidgetKit.framework */; };
		DEC60E862E60473900B4B061 /* SwiftUI.framework in Frameworks */ = {isa = PBXBuildFile; fileRef = DEC60E852E60473900B4B061 /* SwiftUI.framework */; };
		DEC60E972E60473A00B4B061 /* zenloopwidgetExtension.appex in Embed Foundation Extensions */ = {isa = PBXBuildFile; fileRef = DEC60E822E60473900B4B061 /* zenloopwidgetExtension.appex */; settings = {ATTRIBUTES = (RemoveHeadersOnCopy, ); }; };
		DEC60EA02E6346FA00B4B061 /* Launch Screen.storyboard in Resources */ = {isa = PBXBuildFile; fileRef = DEC60E9F2E6346FA00B4B061 /* Launch Screen.storyboard */; };
		DED4451C2E6804330026AD04 /* FirebaseAuth in Frameworks */ = {isa = PBXBuildFile; productRef = DED4451B2E6804330026AD04 /* FirebaseAuth */; };
		DED4451E2E6804330026AD04 /* FirebaseFirestore in Frameworks */ = {isa = PBXBuildFile; productRef = DED4451D2E6804330026AD04 /* FirebaseFirestore */; };
		DED445202E68044B0026AD04 /* GoogleService-Info (4).plist in Resources */ = {isa = PBXBuildFile; fileRef = DED4451F2E68044B0026AD04 /* GoogleService-Info (4).plist */; };
/* End PBXBuildFile section */

/* Begin PBXContainerItemProxy section */
		DE4F569F2E3D19CC0014A5D1 /* PBXContainerItemProxy */ = {
			isa = PBXContainerItemProxy;
			containerPortal = DE4F56782E3D18EC0014A5D1 /* Project object */;
			proxyType = 1;
			remoteGlobalIDString = DE4F56972E3D19CC0014A5D1;
			remoteInfo = zenloopmonitor;
		};
		DE4F56CE2E3D1B7B0014A5D1 /* PBXContainerItemProxy */ = {
			isa = PBXContainerItemProxy;
			containerPortal = DE4F56782E3D18EC0014A5D1 /* Project object */;
			proxyType = 1;
			remoteGlobalIDString = DE4F56C32E3D1B7B0014A5D1;
			remoteInfo = zenloopactivity;
		};
		DEAC3EA12E3E162400007D9D /* PBXContainerItemProxy */ = {
			isa = PBXContainerItemProxy;
			containerPortal = DE4F56782E3D18EC0014A5D1 /* Project object */;
			proxyType = 1;
			remoteGlobalIDString = DEAC3E982E3E162400007D9D;
			remoteInfo = zenloopshieldaction;
		};
		DEAC3EB52E3E167500007D9D /* PBXContainerItemProxy */ = {
			isa = PBXContainerItemProxy;
			containerPortal = DE4F56782E3D18EC0014A5D1 /* Project object */;
			proxyType = 1;
			remoteGlobalIDString = DEAC3EAB2E3E167500007D9D;
			remoteInfo = zenloopshieldconfig;
		};
		DEC60E952E60473A00B4B061 /* PBXContainerItemProxy */ = {
			isa = PBXContainerItemProxy;
			containerPortal = DE4F56782E3D18EC0014A5D1 /* Project object */;
			proxyType = 1;
			remoteGlobalIDString = DEC60E812E60473900B4B061;
			remoteInfo = zenloopwidgetExtension;
		};
/* End PBXContainerItemProxy section */

/* Begin PBXCopyFilesBuildPhase section */
		DE4F56A62E3D19CC0014A5D1 /* Embed ExtensionKit Extensions */ = {
			isa = PBXCopyFilesBuildPhase;
			buildActionMask = 2147483647;
			dstPath = "$(EXTENSIONS_FOLDER_PATH)";
			dstSubfolderSpec = 16;
			files = (
				DE4F56A12E3D19CC0014A5D1 /* zenloopmonitor.appex in Embed ExtensionKit Extensions */,
				DE4F56D02E3D1B7B0014A5D1 /* zenloopactivity.appex in Embed ExtensionKit Extensions */,
			);
			name = "Embed ExtensionKit Extensions";
			runOnlyForDeploymentPostprocessing = 0;
		};
		DE4F56BF2E3D1B560014A5D1 /* Embed Foundation Extensions */ = {
			isa = PBXCopyFilesBuildPhase;
			buildActionMask = 2147483647;
			dstPath = "";
			dstSubfolderSpec = 13;
			files = (
				DEC60E972E60473A00B4B061 /* zenloopwidgetExtension.appex in Embed Foundation Extensions */,
				DEAC3EB72E3E167500007D9D /* zenloopshieldconfig.appex in Embed Foundation Extensions */,
				DEAC3EA32E3E162400007D9D /* zenloopshieldaction.appex in Embed Foundation Extensions */,
			);
			name = "Embed Foundation Extensions";
			runOnlyForDeploymentPostprocessing = 0;
		};
/* End PBXCopyFilesBuildPhase section */

/* Begin PBXFileReference section */
		DE205E982E49057C0010FD1A /* Products.storekit */ = {isa = PBXFileReference; lastKnownFileType = text; name = Products.storekit; path = zenloop/StoreKit/Products.storekit; sourceTree = "<group>"; };
		DE4F56802E3D18EC0014A5D1 /* zenloop.app */ = {isa = PBXFileReference; explicitFileType = wrapper.application; includeInIndex = 0; path = zenloop.app; sourceTree = BUILT_PRODUCTS_DIR; };
		DE4F56982E3D19CC0014A5D1 /* zenloopmonitor.appex */ = {isa = PBXFileReference; explicitFileType = "wrapper.extensionkit-extension"; includeInIndex = 0; path = zenloopmonitor.appex; sourceTree = BUILT_PRODUCTS_DIR; };
		DE4F56AD2E3D1B560014A5D1 /* UniformTypeIdentifiers.framework */ = {isa = PBXFileReference; lastKnownFileType = wrapper.framework; name = UniformTypeIdentifiers.framework; path = System/Library/Frameworks/UniformTypeIdentifiers.framework; sourceTree = SDKROOT; };
		DE4F56C42E3D1B7B0014A5D1 /* zenloopactivity.appex */ = {isa = PBXFileReference; explicitFileType = "wrapper.extensionkit-extension"; includeInIndex = 0; path = zenloopactivity.appex; sourceTree = BUILT_PRODUCTS_DIR; };
		DEAC3E992E3E162400007D9D /* zenloopshieldaction.appex */ = {isa = PBXFileReference; explicitFileType = "wrapper.app-extension"; includeInIndex = 0; path = zenloopshieldaction.appex; sourceTree = BUILT_PRODUCTS_DIR; };
		DEAC3E9A2E3E162400007D9D /* ManagedSettings.framework */ = {isa = PBXFileReference; lastKnownFileType = wrapper.framework; name = ManagedSettings.framework; path = System/Library/Frameworks/ManagedSettings.framework; sourceTree = SDKROOT; };
		DEAC3EAC2E3E167500007D9D /* zenloopshieldconfig.appex */ = {isa = PBXFileReference; explicitFileType = "wrapper.app-extension"; includeInIndex = 0; path = zenloopshieldconfig.appex; sourceTree = BUILT_PRODUCTS_DIR; };
		DEAC3EAE2E3E167500007D9D /* ManagedSettingsUI.framework */ = {isa = PBXFileReference; lastKnownFileType = wrapper.framework; name = ManagedSettingsUI.framework; path = Library/Frameworks/ManagedSettingsUI.framework; sourceTree = DEVELOPER_DIR; };
		DEC60E822E60473900B4B061 /* zenloopwidgetExtension.appex */ = {isa = PBXFileReference; explicitFileType = "wrapper.app-extension"; includeInIndex = 0; path = zenloopwidgetExtension.appex; sourceTree = BUILT_PRODUCTS_DIR; };
		DEC60E832E60473900B4B061 /* WidgetKit.framework */ = {isa = PBXFileReference; lastKnownFileType = wrapper.framework; name = WidgetKit.framework; path = System/Library/Frameworks/WidgetKit.framework; sourceTree = SDKROOT; };
		DEC60E852E60473900B4B061 /* SwiftUI.framework */ = {isa = PBXFileReference; lastKnownFileType = wrapper.framework; name = SwiftUI.framework; path = System/Library/Frameworks/SwiftUI.framework; sourceTree = SDKROOT; };
		DEC60E9C2E60474700B4B061 /* zenloopwidgetExtension.entitlements */ = {isa = PBXFileReference; lastKnownFileType = text.plist.entitlements; path = zenloopwidgetExtension.entitlements; sourceTree = "<group>"; };
		DEC60E9F2E6346FA00B4B061 /* Launch Screen.storyboard */ = {isa = PBXFileReference; lastKnownFileType = file.storyboard; path = "Launch Screen.storyboard"; sourceTree = "<group>"; };
		DED4451F2E68044B0026AD04 /* GoogleService-Info (4).plist */ = {isa = PBXFileReference; lastKnownFileType = text.plist.xml; path = "GoogleService-Info (4).plist"; sourceTree = "<group>"; };
/* End PBXFileReference section */

/* Begin PBXFileSystemSynchronizedBuildFileExceptionSet section */
		DE4F56A22E3D19CC0014A5D1 /* Exceptions for "zenloopmonitor" folder in "zenloopmonitor" target */ = {
			isa = PBXFileSystemSynchronizedBuildFileExceptionSet;
			membershipExceptions = (
				Info.plist,
			);
			target = DE4F56972E3D19CC0014A5D1 /* zenloopmonitor */;
		};
		DE4F56D12E3D1B7B0014A5D1 /* Exceptions for "zenloopactivity" folder in "zenloopactivity" target */ = {
			isa = PBXFileSystemSynchronizedBuildFileExceptionSet;
			membershipExceptions = (
				Info.plist,
			);
			target = DE4F56C32E3D1B7B0014A5D1 /* zenloopactivity */;
		};
		DEAC3EA42E3E162400007D9D /* Exceptions for "zenloopshieldaction" folder in "zenloopshieldaction" target */ = {
			isa = PBXFileSystemSynchronizedBuildFileExceptionSet;
			membershipExceptions = (
				Info.plist,
			);
			target = DEAC3E982E3E162400007D9D /* zenloopshieldaction */;
		};
		DEAC3EB82E3E167500007D9D /* Exceptions for "zenloopshieldconfig" folder in "zenloopshieldconfig" target */ = {
			isa = PBXFileSystemSynchronizedBuildFileExceptionSet;
			membershipExceptions = (
				Info.plist,
			);
			target = DEAC3EAB2E3E167500007D9D /* zenloopshieldconfig */;
		};
		DEC60E982E60473A00B4B061 /* Exceptions for "zenloopwidget" folder in "zenloopwidgetExtension" target */ = {
			isa = PBXFileSystemSynchronizedBuildFileExceptionSet;
			membershipExceptions = (
				Info.plist,
			);
			target = DEC60E812E60473900B4B061 /* zenloopwidgetExtension */;
		};
/* End PBXFileSystemSynchronizedBuildFileExceptionSet section */

/* Begin PBXFileSystemSynchronizedRootGroup section */
		DE4F56822E3D18EC0014A5D1 /* zenloop */ = {
			isa = PBXFileSystemSynchronizedRootGroup;
			path = zenloop;
			sourceTree = "<group>";
		};
		DE4F56992E3D19CC0014A5D1 /* zenloopmonitor */ = {
			isa = PBXFileSystemSynchronizedRootGroup;
			exceptions = (
				DE4F56A22E3D19CC0014A5D1 /* Exceptions for "zenloopmonitor" folder in "zenloopmonitor" target */,
			);
			path = zenloopmonitor;
			sourceTree = "<group>";
		};
		DE4F56C52E3D1B7B0014A5D1 /* zenloopactivity */ = {
			isa = PBXFileSystemSynchronizedRootGroup;
			exceptions = (
				DE4F56D12E3D1B7B0014A5D1 /* Exceptions for "zenloopactivity" folder in "zenloopactivity" target */,
			);
			path = zenloopactivity;
			sourceTree = "<group>";
		};
		DEAC3E9C2E3E162400007D9D /* zenloopshieldaction */ = {
			isa = PBXFileSystemSynchronizedRootGroup;
			exceptions = (
				DEAC3EA42E3E162400007D9D /* Exceptions for "zenloopshieldaction" folder in "zenloopshieldaction" target */,
			);
			path = zenloopshieldaction;
			sourceTree = "<group>";
		};
		DEAC3EB02E3E167500007D9D /* zenloopshieldconfig */ = {
			isa = PBXFileSystemSynchronizedRootGroup;
			exceptions = (
				DEAC3EB82E3E167500007D9D /* Exceptions for "zenloopshieldconfig" folder in "zenloopshieldconfig" target */,
			);
			path = zenloopshieldconfig;
			sourceTree = "<group>";
		};
		DEC60E872E60473900B4B061 /* zenloopwidget */ = {
			isa = PBXFileSystemSynchronizedRootGroup;
			exceptions = (
				DEC60E982E60473A00B4B061 /* Exceptions for "zenloopwidget" folder in "zenloopwidgetExtension" target */,
			);
			path = zenloopwidget;
			sourceTree = "<group>";
		};
/* End PBXFileSystemSynchronizedRootGroup section */

/* Begin PBXFrameworksBuildPhase section */
		DE4F567D2E3D18EC0014A5D1 /* Frameworks */ = {
			isa = PBXFrameworksBuildPhase;
			buildActionMask = 2147483647;
			files = (
				DED4451C2E6804330026AD04 /* FirebaseAuth in Frameworks */,
				DED4451E2E6804330026AD04 /* FirebaseFirestore in Frameworks */,
			);
			runOnlyForDeploymentPostprocessing = 0;
		};
		DE4F56952E3D19CC0014A5D1 /* Frameworks */ = {
			isa = PBXFrameworksBuildPhase;
			buildActionMask = 2147483647;
			files = (
			);
			runOnlyForDeploymentPostprocessing = 0;
		};
		DE4F56C12E3D1B7B0014A5D1 /* Frameworks */ = {
			isa = PBXFrameworksBuildPhase;
			buildActionMask = 2147483647;
			files = (
			);
			runOnlyForDeploymentPostprocessing = 0;
		};
		DEAC3E962E3E162400007D9D /* Frameworks */ = {
			isa = PBXFrameworksBuildPhase;
			buildActionMask = 2147483647;
			files = (
				DEAC3E9B2E3E162400007D9D /* ManagedSettings.framework in Frameworks */,
			);
			runOnlyForDeploymentPostprocessing = 0;
		};
		DEAC3EA92E3E167500007D9D /* Frameworks */ = {
			isa = PBXFrameworksBuildPhase;
			buildActionMask = 2147483647;
			files = (
				DEAC3EAD2E3E167500007D9D /* ManagedSettings.framework in Frameworks */,
				DEAC3EAF2E3E167500007D9D /* ManagedSettingsUI.framework in Frameworks */,
			);
			runOnlyForDeploymentPostprocessing = 0;
		};
		DEC60E7F2E60473900B4B061 /* Frameworks */ = {
			isa = PBXFrameworksBuildPhase;
			buildActionMask = 2147483647;
			files = (
				DEC60E862E60473900B4B061 /* SwiftUI.framework in Frameworks */,
				DEC60E842E60473900B4B061 /* WidgetKit.framework in Frameworks */,
			);
			runOnlyForDeploymentPostprocessing = 0;
		};
/* End PBXFrameworksBuildPhase section */

/* Begin PBXGroup section */
		DE4F56772E3D18EC0014A5D1 = {
			isa = PBXGroup;
			children = (
				DEC60E9F2E6346FA00B4B061 /* Launch Screen.storyboard */,
				DEC60E9C2E60474700B4B061 /* zenloopwidgetExtension.entitlements */,
				DE205E982E49057C0010FD1A /* Products.storekit */,
				DE4F56822E3D18EC0014A5D1 /* zenloop */,
				DE4F56992E3D19CC0014A5D1 /* zenloopmonitor */,
				DE4F56C52E3D1B7B0014A5D1 /* zenloopactivity */,
				DEAC3E9C2E3E162400007D9D /* zenloopshieldaction */,
				DEAC3EB02E3E167500007D9D /* zenloopshieldconfig */,
				DEC60E872E60473900B4B061 /* zenloopwidget */,
				DE4F56AC2E3D1B560014A5D1 /* Frameworks */,
				DE4F56812E3D18EC0014A5D1 /* Products */,
				DED4451F2E68044B0026AD04 /* GoogleService-Info (4).plist */,
			);
			sourceTree = "<group>";
		};
		DE4F56812E3D18EC0014A5D1 /* Products */ = {
			isa = PBXGroup;
			children = (
				DE4F56802E3D18EC0014A5D1 /* zenloop.app */,
				DE4F56982E3D19CC0014A5D1 /* zenloopmonitor.appex */,
				DE4F56C42E3D1B7B0014A5D1 /* zenloopactivity.appex */,
				DEAC3E992E3E162400007D9D /* zenloopshieldaction.appex */,
				DEAC3EAC2E3E167500007D9D /* zenloopshieldconfig.appex */,
				DEC60E822E60473900B4B061 /* zenloopwidgetExtension.appex */,
			);
			name = Products;
			sourceTree = "<group>";
		};
		DE4F56AC2E3D1B560014A5D1 /* Frameworks */ = {
			isa = PBXGroup;
			children = (
				DE4F56AD2E3D1B560014A5D1 /* UniformTypeIdentifiers.framework */,
				DEAC3E9A2E3E162400007D9D /* ManagedSettings.framework */,
				DEAC3EAE2E3E167500007D9D /* ManagedSettingsUI.framework */,
				DEC60E832E60473900B4B061 /* WidgetKit.framework */,
				DEC60E852E60473900B4B061 /* SwiftUI.framework */,
			);
			name = Frameworks;
			sourceTree = "<group>";
		};
/* End PBXGroup section */

/* Begin PBXNativeTarget section */
		DE4F567F2E3D18EC0014A5D1 /* zenloop */ = {
			isa = PBXNativeTarget;
			buildConfigurationList = DE4F568F2E3D18ED0014A5D1 /* Build configuration list for PBXNativeTarget "zenloop" */;
			buildPhases = (
				DE4F567C2E3D18EC0014A5D1 /* Sources */,
				DE4F567D2E3D18EC0014A5D1 /* Frameworks */,
				DE4F567E2E3D18EC0014A5D1 /* Resources */,
				DE4F56A62E3D19CC0014A5D1 /* Embed ExtensionKit Extensions */,
				DE4F56BF2E3D1B560014A5D1 /* Embed Foundation Extensions */,
			);
			buildRules = (
			);
			dependencies = (
				DE4F56A02E3D19CC0014A5D1 /* PBXTargetDependency */,
				DE4F56CF2E3D1B7B0014A5D1 /* PBXTargetDependency */,
				DEAC3EA22E3E162400007D9D /* PBXTargetDependency */,
				DEAC3EB62E3E167500007D9D /* PBXTargetDependency */,
				DEC60E962E60473A00B4B061 /* PBXTargetDependency */,
			);
			fileSystemSynchronizedGroups = (
				DE4F56822E3D18EC0014A5D1 /* zenloop */,
			);
			name = zenloop;
			packageProductDependencies = (
				DED4451B2E6804330026AD04 /* FirebaseAuth */,
				DED4451D2E6804330026AD04 /* FirebaseFirestore */,
			);
			productName = zenloop;
			productReference = DE4F56802E3D18EC0014A5D1 /* zenloop.app */;
			productType = "com.apple.product-type.application";
		};
		DE4F56972E3D19CC0014A5D1 /* zenloopmonitor */ = {
			isa = PBXNativeTarget;
			buildConfigurationList = DE4F56A32E3D19CC0014A5D1 /* Build configuration list for PBXNativeTarget "zenloopmonitor" */;
			buildPhases = (
				DE4F56942E3D19CC0014A5D1 /* Sources */,
				DE4F56952E3D19CC0014A5D1 /* Frameworks */,
				DE4F56962E3D19CC0014A5D1 /* Resources */,
			);
			buildRules = (
			);
			dependencies = (
			);
			fileSystemSynchronizedGroups = (
				DE4F56992E3D19CC0014A5D1 /* zenloopmonitor */,
			);
			name = zenloopmonitor;
			packageProductDependencies = (
			);
			productName = zenloopmonitor;
			productReference = DE4F56982E3D19CC0014A5D1 /* zenloopmonitor.appex */;
			productType = "com.apple.product-type.extensionkit-extension";
		};
		DE4F56C32E3D1B7B0014A5D1 /* zenloopactivity */ = {
			isa = PBXNativeTarget;
			buildConfigurationList = DE4F56D22E3D1B7B0014A5D1 /* Build configuration list for PBXNativeTarget "zenloopactivity" */;
			buildPhases = (
				DE4F56C02E3D1B7B0014A5D1 /* Sources */,
				DE4F56C12E3D1B7B0014A5D1 /* Frameworks */,
				DE4F56C22E3D1B7B0014A5D1 /* Resources */,
			);
			buildRules = (
			);
			dependencies = (
			);
			fileSystemSynchronizedGroups = (
				DE4F56C52E3D1B7B0014A5D1 /* zenloopactivity */,
			);
			name = zenloopactivity;
			packageProductDependencies = (
			);
			productName = zenloopactivity;
			productReference = DE4F56C42E3D1B7B0014A5D1 /* zenloopactivity.appex */;
			productType = "com.apple.product-type.extensionkit-extension";
		};
		DEAC3E982E3E162400007D9D /* zenloopshieldaction */ = {
			isa = PBXNativeTarget;
			buildConfigurationList = DEAC3EA52E3E162400007D9D /* Build configuration list for PBXNativeTarget "zenloopshieldaction" */;
			buildPhases = (
				DEAC3E952E3E162400007D9D /* Sources */,
				DEAC3E962E3E162400007D9D /* Frameworks */,
				DEAC3E972E3E162400007D9D /* Resources */,
			);
			buildRules = (
			);
			dependencies = (
			);
			fileSystemSynchronizedGroups = (
				DEAC3E9C2E3E162400007D9D /* zenloopshieldaction */,
			);
			name = zenloopshieldaction;
			packageProductDependencies = (
			);
			productName = zenloopshieldaction;
			productReference = DEAC3E992E3E162400007D9D /* zenloopshieldaction.appex */;
			productType = "com.apple.product-type.app-extension";
		};
		DEAC3EAB2E3E167500007D9D /* zenloopshieldconfig */ = {
			isa = PBXNativeTarget;
			buildConfigurationList = DEAC3EB92E3E167500007D9D /* Build configuration list for PBXNativeTarget "zenloopshieldconfig" */;
			buildPhases = (
				DEAC3EA82E3E167500007D9D /* Sources */,
				DEAC3EA92E3E167500007D9D /* Frameworks */,
				DEAC3EAA2E3E167500007D9D /* Resources */,
			);
			buildRules = (
			);
			dependencies = (
			);
			fileSystemSynchronizedGroups = (
				DEAC3EB02E3E167500007D9D /* zenloopshieldconfig */,
			);
			name = zenloopshieldconfig;
			packageProductDependencies = (
			);
			productName = zenloopshieldconfig;
			productReference = DEAC3EAC2E3E167500007D9D /* zenloopshieldconfig.appex */;
			productType = "com.apple.product-type.app-extension";
		};
		DEC60E812E60473900B4B061 /* zenloopwidgetExtension */ = {
			isa = PBXNativeTarget;
			buildConfigurationList = DEC60E992E60473A00B4B061 /* Build configuration list for PBXNativeTarget "zenloopwidgetExtension" */;
			buildPhases = (
				DEC60E7E2E60473900B4B061 /* Sources */,
				DEC60E7F2E60473900B4B061 /* Frameworks */,
				DEC60E802E60473900B4B061 /* Resources */,
			);
			buildRules = (
			);
			dependencies = (
			);
			fileSystemSynchronizedGroups = (
				DEC60E872E60473900B4B061 /* zenloopwidget */,
			);
			name = zenloopwidgetExtension;
			packageProductDependencies = (
			);
			productName = zenloopwidgetExtension;
			productReference = DEC60E822E60473900B4B061 /* zenloopwidgetExtension.appex */;
			productType = "com.apple.product-type.app-extension";
		};
/* End PBXNativeTarget section */

/* Begin PBXProject section */
		DE4F56782E3D18EC0014A5D1 /* Project object */ = {
			isa = PBXProject;
			attributes = {
				BuildIndependentTargetsInParallel = 1;
				LastSwiftUpdateCheck = 1620;
				LastUpgradeCheck = 1620;
				TargetAttributes = {
					DE4F567F2E3D18EC0014A5D1 = {
						CreatedOnToolsVersion = 16.2;
					};
					DE4F56972E3D19CC0014A5D1 = {
						CreatedOnToolsVersion = 16.2;
					};
					DE4F56C32E3D1B7B0014A5D1 = {
						CreatedOnToolsVersion = 16.2;
					};
					DEAC3E982E3E162400007D9D = {
						CreatedOnToolsVersion = 16.2;
					};
					DEAC3EAB2E3E167500007D9D = {
						CreatedOnToolsVersion = 16.2;
					};
					DEC60E812E60473900B4B061 = {
						CreatedOnToolsVersion = 16.2;
					};
				};
			};
			buildConfigurationList = DE4F567B2E3D18EC0014A5D1 /* Build configuration list for PBXProject "zenloop" */;
			developmentRegion = en;
			hasScannedForEncodings = 0;
			knownRegions = (
				en,
				Base,
				fr,
				de,
				es,
				zh,
				ar,
				ja,
				it,
			);
			mainGroup = DE4F56772E3D18EC0014A5D1;
			minimizedProjectReferenceProxies = 1;
			packageReferences = (
				DED4451A2E6804330026AD04 /* XCRemoteSwiftPackageReference "firebase-ios-sdk" */,
			);
			preferredProjectObjectVersion = 77;
			productRefGroup = DE4F56812E3D18EC0014A5D1 /* Products */;
			projectDirPath = "";
			projectRoot = "";
			targets = (
				DE4F567F2E3D18EC0014A5D1 /* zenloop */,
				DE4F56972E3D19CC0014A5D1 /* zenloopmonitor */,
				DE4F56C32E3D1B7B0014A5D1 /* zenloopactivity */,
				DEAC3E982E3E162400007D9D /* zenloopshieldaction */,
				DEAC3EAB2E3E167500007D9D /* zenloopshieldconfig */,
				DEC60E812E60473900B4B061 /* zenloopwidgetExtension */,
			);
		};
/* End PBXProject section */

/* Begin PBXResourcesBuildPhase section */
		DE4F567E2E3D18EC0014A5D1 /* Resources */ = {
			isa = PBXResourcesBuildPhase;
			buildActionMask = 2147483647;
			files = (
				DED445202E68044B0026AD04 /* GoogleService-Info (4).plist in Resources */,
				DEC60EA02E6346FA00B4B061 /* Launch Screen.storyboard in Resources */,
			);
			runOnlyForDeploymentPostprocessing = 0;
		};
		DE4F56962E3D19CC0014A5D1 /* Resources */ = {
			isa = PBXResourcesBuildPhase;
			buildActionMask = 2147483647;
			files = (
			);
			runOnlyForDeploymentPostprocessing = 0;
		};
		DE4F56C22E3D1B7B0014A5D1 /* Resources */ = {
			isa = PBXResourcesBuildPhase;
			buildActionMask = 2147483647;
			files = (
			);
			runOnlyForDeploymentPostprocessing = 0;
		};
		DEAC3E972E3E162400007D9D /* Resources */ = {
			isa = PBXResourcesBuildPhase;
			buildActionMask = 2147483647;
			files = (
			);
			runOnlyForDeploymentPostprocessing = 0;
		};
		DEAC3EAA2E3E167500007D9D /* Resources */ = {
			isa = PBXResourcesBuildPhase;
			buildActionMask = 2147483647;
			files = (
			);
			runOnlyForDeploymentPostprocessing = 0;
		};
		DEC60E802E60473900B4B061 /* Resources */ = {
			isa = PBXResourcesBuildPhase;
			buildActionMask = 2147483647;
			files = (
			);
			runOnlyForDeploymentPostprocessing = 0;
		};
/* End PBXResourcesBuildPhase section */

/* Begin PBXSourcesBuildPhase section */
		DE4F567C2E3D18EC0014A5D1 /* Sources */ = {
			isa = PBXSourcesBuildPhase;
			buildActionMask = 2147483647;
			files = (
			);
			runOnlyForDeploymentPostprocessing = 0;
		};
		DE4F56942E3D19CC0014A5D1 /* Sources */ = {
			isa = PBXSourcesBuildPhase;
			buildActionMask = 2147483647;
			files = (
			);
			runOnlyForDeploymentPostprocessing = 0;
		};
		DE4F56C02E3D1B7B0014A5D1 /* Sources */ = {
			isa = PBXSourcesBuildPhase;
			buildActionMask = 2147483647;
			files = (
			);
			runOnlyForDeploymentPostprocessing = 0;
		};
		DEAC3E952E3E162400007D9D /* Sources */ = {
			isa = PBXSourcesBuildPhase;
			buildActionMask = 2147483647;
			files = (
			);
			runOnlyForDeploymentPostprocessing = 0;
		};
		DEAC3EA82E3E167500007D9D /* Sources */ = {
			isa = PBXSourcesBuildPhase;
			buildActionMask = 2147483647;
			files = (
			);
			runOnlyForDeploymentPostprocessing = 0;
		};
		DEC60E7E2E60473900B4B061 /* Sources */ = {
			isa = PBXSourcesBuildPhase;
			buildActionMask = 2147483647;
			files = (
			);
			runOnlyForDeploymentPostprocessing = 0;
		};
/* End PBXSourcesBuildPhase section */

/* Begin PBXTargetDependency section */
		DE4F56A02E3D19CC0014A5D1 /* PBXTargetDependency */ = {
			isa = PBXTargetDependency;
			target = DE4F56972E3D19CC0014A5D1 /* zenloopmonitor */;
			targetProxy = DE4F569F2E3D19CC0014A5D1 /* PBXContainerItemProxy */;
		};
		DE4F56CF2E3D1B7B0014A5D1 /* PBXTargetDependency */ = {
			isa = PBXTargetDependency;
			target = DE4F56C32E3D1B7B0014A5D1 /* zenloopactivity */;
			targetProxy = DE4F56CE2E3D1B7B0014A5D1 /* PBXContainerItemProxy */;
		};
		DEAC3EA22E3E162400007D9D /* PBXTargetDependency */ = {
			isa = PBXTargetDependency;
			target = DEAC3E982E3E162400007D9D /* zenloopshieldaction */;
			targetProxy = DEAC3EA12E3E162400007D9D /* PBXContainerItemProxy */;
		};
		DEAC3EB62E3E167500007D9D /* PBXTargetDependency */ = {
			isa = PBXTargetDependency;
			target = DEAC3EAB2E3E167500007D9D /* zenloopshieldconfig */;
			targetProxy = DEAC3EB52E3E167500007D9D /* PBXContainerItemProxy */;
		};
		DEC60E962E60473A00B4B061 /* PBXTargetDependency */ = {
			isa = PBXTargetDependency;
			target = DEC60E812E60473900B4B061 /* zenloopwidgetExtension */;
			targetProxy = DEC60E952E60473A00B4B061 /* PBXContainerItemProxy */;
		};
/* End PBXTargetDependency section */

/* Begin XCBuildConfiguration section */
		DE4F568D2E3D18ED0014A5D1 /* Debug */ = {
			isa = XCBuildConfiguration;
			buildSettings = {
				ALWAYS_SEARCH_USER_PATHS = NO;
				ASSETCATALOG_COMPILER_GENERATE_SWIFT_ASSET_SYMBOL_EXTENSIONS = YES;
				CLANG_ANALYZER_NONNULL = YES;
				CLANG_ANALYZER_NUMBER_OBJECT_CONVERSION = YES_AGGRESSIVE;
				CLANG_CXX_LANGUAGE_STANDARD = "gnu++20";
				CLANG_ENABLE_MODULES = YES;
				CLANG_ENABLE_OBJC_ARC = YES;
				CLANG_ENABLE_OBJC_WEAK = YES;
				CLANG_WARN_BLOCK_CAPTURE_AUTORELEASING = YES;
				CLANG_WARN_BOOL_CONVERSION = YES;
				CLANG_WARN_COMMA = YES;
				CLANG_WARN_CONSTANT_CONVERSION = YES;
				CLANG_WARN_DEPRECATED_OBJC_IMPLEMENTATIONS = YES;
				CLANG_WARN_DIRECT_OBJC_ISA_USAGE = YES_ERROR;
				CLANG_WARN_DOCUMENTATION_COMMENTS = YES;
				CLANG_WARN_EMPTY_BODY = YES;
				CLANG_WARN_ENUM_CONVERSION = YES;
				CLANG_WARN_INFINITE_RECURSION = YES;
				CLANG_WARN_INT_CONVERSION = YES;
				CLANG_WARN_NON_LITERAL_NULL_CONVERSION = YES;
				CLANG_WARN_OBJC_IMPLICIT_RETAIN_SELF = YES;
				CLANG_WARN_OBJC_LITERAL_CONVERSION = YES;
				CLANG_WARN_OBJC_ROOT_CLASS = YES_ERROR;
				CLANG_WARN_QUOTED_INCLUDE_IN_FRAMEWORK_HEADER = YES;
				CLANG_WARN_RANGE_LOOP_ANALYSIS = YES;
				CLANG_WARN_STRICT_PROTOTYPES = YES;
				CLANG_WARN_SUSPICIOUS_MOVE = YES;
				CLANG_WARN_UNGUARDED_AVAILABILITY = YES_AGGRESSIVE;
				CLANG_WARN_UNREACHABLE_CODE = YES;
				CLANG_WARN__DUPLICATE_METHOD_MATCH = YES;
				COPY_PHASE_STRIP = NO;
				DEBUG_INFORMATION_FORMAT = dwarf;
				ENABLE_STRICT_OBJC_MSGSEND = YES;
				ENABLE_TESTABILITY = YES;
				ENABLE_USER_SCRIPT_SANDBOXING = YES;
				GCC_C_LANGUAGE_STANDARD = gnu17;
				GCC_DYNAMIC_NO_PIC = NO;
				GCC_NO_COMMON_BLOCKS = YES;
				GCC_OPTIMIZATION_LEVEL = 0;
				GCC_PREPROCESSOR_DEFINITIONS = (
					"DEBUG=1",
					"$(inherited)",
				);
				GCC_WARN_64_TO_32_BIT_CONVERSION = YES;
				GCC_WARN_ABOUT_RETURN_TYPE = YES_ERROR;
				GCC_WARN_UNDECLARED_SELECTOR = YES;
				GCC_WARN_UNINITIALIZED_AUTOS = YES_AGGRESSIVE;
				GCC_WARN_UNUSED_FUNCTION = YES;
				GCC_WARN_UNUSED_VARIABLE = YES;
				INFOPLIST_KEY_UILaunchScreen_Generation = YES;
				LOCALIZATION_PREFERS_STRING_CATALOGS = YES;
				MTL_ENABLE_DEBUG_INFO = INCLUDE_SOURCE;
				MTL_FAST_MATH = YES;
				ONLY_ACTIVE_ARCH = YES;
				SWIFT_ACTIVE_COMPILATION_CONDITIONS = "DEBUG $(inherited)";
				SWIFT_OPTIMIZATION_LEVEL = "-Onone";
			};
			name = Debug;
		};
		DE4F568E2E3D18ED0014A5D1 /* Release */ = {
			isa = XCBuildConfiguration;
			buildSettings = {
				ALWAYS_SEARCH_USER_PATHS = NO;
				ASSETCATALOG_COMPILER_GENERATE_SWIFT_ASSET_SYMBOL_EXTENSIONS = YES;
				CLANG_ANALYZER_NONNULL = YES;
				CLANG_ANALYZER_NUMBER_OBJECT_CONVERSION = YES_AGGRESSIVE;
				CLANG_CXX_LANGUAGE_STANDARD = "gnu++20";
				CLANG_ENABLE_MODULES = YES;
				CLANG_ENABLE_OBJC_ARC = YES;
				CLANG_ENABLE_OBJC_WEAK = YES;
				CLANG_WARN_BLOCK_CAPTURE_AUTORELEASING = YES;
				CLANG_WARN_BOOL_CONVERSION = YES;
				CLANG_WARN_COMMA = YES;
				CLANG_WARN_CONSTANT_CONVERSION = YES;
				CLANG_WARN_DEPRECATED_OBJC_IMPLEMENTATIONS = YES;
				CLANG_WARN_DIRECT_OBJC_ISA_USAGE = YES_ERROR;
				CLANG_WARN_DOCUMENTATION_COMMENTS = YES;
				CLANG_WARN_EMPTY_BODY = YES;
				CLANG_WARN_ENUM_CONVERSION = YES;
				CLANG_WARN_INFINITE_RECURSION = YES;
				CLANG_WARN_INT_CONVERSION = YES;
				CLANG_WARN_NON_LITERAL_NULL_CONVERSION = YES;
				CLANG_WARN_OBJC_IMPLICIT_RETAIN_SELF = YES;
				CLANG_WARN_OBJC_LITERAL_CONVERSION = YES;
				CLANG_WARN_OBJC_ROOT_CLASS = YES_ERROR;
				CLANG_WARN_QUOTED_INCLUDE_IN_FRAMEWORK_HEADER = YES;
				CLANG_WARN_RANGE_LOOP_ANALYSIS = YES;
				CLANG_WARN_STRICT_PROTOTYPES = YES;
				CLANG_WARN_SUSPICIOUS_MOVE = YES;
				CLANG_WARN_UNGUARDED_AVAILABILITY = YES_AGGRESSIVE;
				CLANG_WARN_UNREACHABLE_CODE = YES;
				CLANG_WARN__DUPLICATE_METHOD_MATCH = YES;
				COPY_PHASE_STRIP = NO;
				DEBUG_INFORMATION_FORMAT = "dwarf-with-dsym";
				ENABLE_NS_ASSERTIONS = NO;
				ENABLE_STRICT_OBJC_MSGSEND = YES;
				ENABLE_USER_SCRIPT_SANDBOXING = YES;
				GCC_C_LANGUAGE_STANDARD = gnu17;
				GCC_NO_COMMON_BLOCKS = YES;
				GCC_WARN_64_TO_32_BIT_CONVERSION = YES;
				GCC_WARN_ABOUT_RETURN_TYPE = YES_ERROR;
				GCC_WARN_UNDECLARED_SELECTOR = YES;
				GCC_WARN_UNINITIALIZED_AUTOS = YES_AGGRESSIVE;
				GCC_WARN_UNUSED_FUNCTION = YES;
				GCC_WARN_UNUSED_VARIABLE = YES;
				INFOPLIST_KEY_UILaunchScreen_Generation = YES;
				LOCALIZATION_PREFERS_STRING_CATALOGS = YES;
				MTL_ENABLE_DEBUG_INFO = NO;
				MTL_FAST_MATH = YES;
				SWIFT_COMPILATION_MODE = wholemodule;
			};
			name = Release;
		};
		DE4F56902E3D18ED0014A5D1 /* Debug */ = {
			isa = XCBuildConfiguration;
			buildSettings = {
				ASSETCATALOG_COMPILER_APPICON_NAME = AppIcon;
				ASSETCATALOG_COMPILER_GLOBAL_ACCENT_COLOR_NAME = AccentColor;
				ASSETCATALOG_COMPILER_INCLUDE_ALL_APPICON_ASSETS = NO;
				CODE_SIGN_ENTITLEMENTS = zenloop/zenloop.entitlements;
				CODE_SIGN_STYLE = Automatic;
				CURRENT_PROJECT_VERSION = 1;
				DEVELOPMENT_ASSET_PATHS = "\"zenloop/Preview Content\"";
				DEVELOPMENT_TEAM = BJN2XLBCFS;
				ENABLE_HARDENED_RUNTIME = YES;
				ENABLE_PREVIEWS = YES;
				GENERATE_INFOPLIST_FILE = YES;
				INFOPLIST_KEY_CFBundleDisplayName = Zenloop;
				INFOPLIST_KEY_LSApplicationCategoryType = "public.app-category.healthcare-fitness";
				"INFOPLIST_KEY_UIApplicationSceneManifest_Generation[sdk=iphoneos*]" = YES;
				"INFOPLIST_KEY_UIApplicationSceneManifest_Generation[sdk=iphonesimulator*]" = YES;
				"INFOPLIST_KEY_UIApplicationSupportsIndirectInputEvents[sdk=iphoneos*]" = YES;
				"INFOPLIST_KEY_UIApplicationSupportsIndirectInputEvents[sdk=iphonesimulator*]" = YES;
				INFOPLIST_KEY_UILaunchScreen_Generation = NO;
				"INFOPLIST_KEY_UILaunchScreen_Generation[sdk=iphoneos*]" = NO;
				"INFOPLIST_KEY_UILaunchScreen_Generation[sdk=iphonesimulator*]" = NO;
				INFOPLIST_KEY_UILaunchStoryboardName = "Launch Screen";
				"INFOPLIST_KEY_UIStatusBarStyle[sdk=iphoneos*]" = UIStatusBarStyleDefault;
				"INFOPLIST_KEY_UIStatusBarStyle[sdk=iphonesimulator*]" = UIStatusBarStyleDefault;
				INFOPLIST_KEY_UISupportedInterfaceOrientations_iPhone = "UIInterfaceOrientationPortrait UIInterfaceOrientationLandscapeLeft UIInterfaceOrientationLandscapeRight";
				IPHONEOS_DEPLOYMENT_TARGET = 18.0;
				LD_RUNPATH_SEARCH_PATHS = "@executable_path/Frameworks";
				MARKETING_VERSION = 1.0.1;
				PRODUCT_BUNDLE_IDENTIFIER = com.app.zenloop;
				PRODUCT_NAME = "$(TARGET_NAME)";
				SDKROOT = auto;
				SUPPORTED_PLATFORMS = "iphoneos iphonesimulator";
				SWIFT_EMIT_LOC_STRINGS = YES;
				SWIFT_VERSION = 5.0;
				TARGETED_DEVICE_FAMILY = 1;
			};
			name = Debug;
		};
		DE4F56912E3D18ED0014A5D1 /* Release */ = {
			isa = XCBuildConfiguration;
			buildSettings = {
				ASSETCATALOG_COMPILER_APPICON_NAME = AppIcon;
				ASSETCATALOG_COMPILER_GLOBAL_ACCENT_COLOR_NAME = AccentColor;
				ASSETCATALOG_COMPILER_INCLUDE_ALL_APPICON_ASSETS = NO;
				CODE_SIGN_ENTITLEMENTS = zenloop/zenloop.entitlements;
				CODE_SIGN_STYLE = Automatic;
				CURRENT_PROJECT_VERSION = 1;
				DEVELOPMENT_ASSET_PATHS = "\"zenloop/Preview Content\"";
				DEVELOPMENT_TEAM = BJN2XLBCFS;
				ENABLE_HARDENED_RUNTIME = YES;
				ENABLE_PREVIEWS = YES;
				GENERATE_INFOPLIST_FILE = YES;
				INFOPLIST_KEY_CFBundleDisplayName = Zenloop;
				INFOPLIST_KEY_LSApplicationCategoryType = "public.app-category.healthcare-fitness";
				"INFOPLIST_KEY_UIApplicationSceneManifest_Generation[sdk=iphoneos*]" = YES;
				"INFOPLIST_KEY_UIApplicationSceneManifest_Generation[sdk=iphonesimulator*]" = YES;
				"INFOPLIST_KEY_UIApplicationSupportsIndirectInputEvents[sdk=iphoneos*]" = YES;
				"INFOPLIST_KEY_UIApplicationSupportsIndirectInputEvents[sdk=iphonesimulator*]" = YES;
				INFOPLIST_KEY_UILaunchScreen_Generation = NO;
				"INFOPLIST_KEY_UILaunchScreen_Generation[sdk=iphoneos*]" = NO;
				"INFOPLIST_KEY_UILaunchScreen_Generation[sdk=iphonesimulator*]" = NO;
				INFOPLIST_KEY_UILaunchStoryboardName = "Launch Screen";
				"INFOPLIST_KEY_UIStatusBarStyle[sdk=iphoneos*]" = UIStatusBarStyleDefault;
				"INFOPLIST_KEY_UIStatusBarStyle[sdk=iphonesimulator*]" = UIStatusBarStyleDefault;
				INFOPLIST_KEY_UISupportedInterfaceOrientations_iPhone = "UIInterfaceOrientationPortrait UIInterfaceOrientationLandscapeLeft UIInterfaceOrientationLandscapeRight";
				IPHONEOS_DEPLOYMENT_TARGET = 18.0;
				LD_RUNPATH_SEARCH_PATHS = "@executable_path/Frameworks";
				MARKETING_VERSION = 1.0.1;
				PRODUCT_BUNDLE_IDENTIFIER = com.app.zenloop;
				PRODUCT_NAME = "$(TARGET_NAME)";
				SDKROOT = auto;
				SUPPORTED_PLATFORMS = "iphoneos iphonesimulator";
				SWIFT_EMIT_LOC_STRINGS = YES;
				SWIFT_VERSION = 5.0;
				TARGETED_DEVICE_FAMILY = 1;
			};
			name = Release;
		};
		DE4F56A42E3D19CC0014A5D1 /* Debug */ = {
			isa = XCBuildConfiguration;
			buildSettings = {
				CODE_SIGN_ENTITLEMENTS = zenloopmonitor/zenloopmonitor.entitlements;
				CODE_SIGN_STYLE = Automatic;
				CURRENT_PROJECT_VERSION = 1;
				DEVELOPMENT_TEAM = BJN2XLBCFS;
				GENERATE_INFOPLIST_FILE = YES;
				INFOPLIST_FILE = zenloopmonitor/Info.plist;
				INFOPLIST_KEY_CFBundleDisplayName = zenloopmonitor;
				INFOPLIST_KEY_NSHumanReadableCopyright = "";
				IPHONEOS_DEPLOYMENT_TARGET = 18.0;
				LD_RUNPATH_SEARCH_PATHS = (
					"$(inherited)",
					"@executable_path/Frameworks",
					"@executable_path/../../Frameworks",
				);
				MARKETING_VERSION = 1.0.1;
				PRODUCT_BUNDLE_IDENTIFIER = com.app.zenloop.zenloopmonitor;
				PRODUCT_NAME = "$(TARGET_NAME)";
				SDKROOT = iphoneos;
				SKIP_INSTALL = YES;
				SWIFT_EMIT_LOC_STRINGS = YES;
				SWIFT_VERSION = 5.0;
				TARGETED_DEVICE_FAMILY = "1,2";
			};
			name = Debug;
		};
		DE4F56A52E3D19CC0014A5D1 /* Release */ = {
			isa = XCBuildConfiguration;
			buildSettings = {
				CODE_SIGN_ENTITLEMENTS = zenloopmonitor/zenloopmonitor.entitlements;
				CODE_SIGN_STYLE = Automatic;
				CURRENT_PROJECT_VERSION = 1;
				DEVELOPMENT_TEAM = BJN2XLBCFS;
				GENERATE_INFOPLIST_FILE = YES;
				INFOPLIST_FILE = zenloopmonitor/Info.plist;
				INFOPLIST_KEY_CFBundleDisplayName = zenloopmonitor;
				INFOPLIST_KEY_NSHumanReadableCopyright = "";
				IPHONEOS_DEPLOYMENT_TARGET = 18.0;
				LD_RUNPATH_SEARCH_PATHS = (
					"$(inherited)",
					"@executable_path/Frameworks",
					"@executable_path/../../Frameworks",
				);
				MARKETING_VERSION = 1.0.1;
				PRODUCT_BUNDLE_IDENTIFIER = com.app.zenloop.zenloopmonitor;
				PRODUCT_NAME = "$(TARGET_NAME)";
				SDKROOT = iphoneos;
				SKIP_INSTALL = YES;
				SWIFT_EMIT_LOC_STRINGS = YES;
				SWIFT_VERSION = 5.0;
				TARGETED_DEVICE_FAMILY = "1,2";
				VALIDATE_PRODUCT = YES;
			};
			name = Release;
		};
		DE4F56D32E3D1B7B0014A5D1 /* Debug */ = {
			isa = XCBuildConfiguration;
			buildSettings = {
				CODE_SIGN_ENTITLEMENTS = zenloopactivity/zenloopactivity.entitlements;
				CODE_SIGN_STYLE = Automatic;
				CURRENT_PROJECT_VERSION = 1;
				DEVELOPMENT_TEAM = BJN2XLBCFS;
				GENERATE_INFOPLIST_FILE = YES;
				INFOPLIST_FILE = zenloopactivity/Info.plist;
				INFOPLIST_KEY_CFBundleDisplayName = zenloopactivity;
				INFOPLIST_KEY_NSHumanReadableCopyright = "";
				IPHONEOS_DEPLOYMENT_TARGET = 18.0;
				LD_RUNPATH_SEARCH_PATHS = (
					"$(inherited)",
					"@executable_path/Frameworks",
					"@executable_path/../../Frameworks",
				);
				MARKETING_VERSION = 1.0.1;
				PRODUCT_BUNDLE_IDENTIFIER = com.app.zenloop.zenloopactivity;
				PRODUCT_NAME = "$(TARGET_NAME)";
				SDKROOT = iphoneos;
				SKIP_INSTALL = YES;
				SWIFT_EMIT_LOC_STRINGS = YES;
				SWIFT_VERSION = 5.0;
				TARGETED_DEVICE_FAMILY = "1,2";
			};
			name = Debug;
		};
		DE4F56D42E3D1B7B0014A5D1 /* Release */ = {
			isa = XCBuildConfiguration;
			buildSettings = {
				CODE_SIGN_ENTITLEMENTS = zenloopactivity/zenloopactivity.entitlements;
				CODE_SIGN_STYLE = Automatic;
				CURRENT_PROJECT_VERSION = 1;
				DEVELOPMENT_TEAM = BJN2XLBCFS;
				GENERATE_INFOPLIST_FILE = YES;
				INFOPLIST_FILE = zenloopactivity/Info.plist;
				INFOPLIST_KEY_CFBundleDisplayName = zenloopactivity;
				INFOPLIST_KEY_NSHumanReadableCopyright = "";
				IPHONEOS_DEPLOYMENT_TARGET = 18.0;
				LD_RUNPATH_SEARCH_PATHS = (
					"$(inherited)",
					"@executable_path/Frameworks",
					"@executable_path/../../Frameworks",
				);
				MARKETING_VERSION = 1.0.1;
				PRODUCT_BUNDLE_IDENTIFIER = com.app.zenloop.zenloopactivity;
				PRODUCT_NAME = "$(TARGET_NAME)";
				SDKROOT = iphoneos;
				SKIP_INSTALL = YES;
				SWIFT_EMIT_LOC_STRINGS = YES;
				SWIFT_VERSION = 5.0;
				TARGETED_DEVICE_FAMILY = "1,2";
				VALIDATE_PRODUCT = YES;
			};
			name = Release;
		};
		DEAC3EA62E3E162400007D9D /* Debug */ = {
			isa = XCBuildConfiguration;
			buildSettings = {
				CODE_SIGN_ENTITLEMENTS = zenloopshieldaction/zenloopshieldaction.entitlements;
				CODE_SIGN_STYLE = Automatic;
				CURRENT_PROJECT_VERSION = 1;
				DEVELOPMENT_TEAM = BJN2XLBCFS;
				GENERATE_INFOPLIST_FILE = YES;
				INFOPLIST_FILE = zenloopshieldaction/Info.plist;
				INFOPLIST_KEY_CFBundleDisplayName = zenloopshieldaction;
				INFOPLIST_KEY_NSHumanReadableCopyright = "";
				IPHONEOS_DEPLOYMENT_TARGET = 18.0;
				LD_RUNPATH_SEARCH_PATHS = (
					"$(inherited)",
					"@executable_path/Frameworks",
					"@executable_path/../../Frameworks",
				);
				MARKETING_VERSION = 1.0.1;
				PRODUCT_BUNDLE_IDENTIFIER = com.app.zenloop.zenloopshieldaction;
				PRODUCT_NAME = "$(TARGET_NAME)";
				SDKROOT = iphoneos;
				SKIP_INSTALL = YES;
				SWIFT_EMIT_LOC_STRINGS = YES;
				SWIFT_VERSION = 5.0;
				TARGETED_DEVICE_FAMILY = "1,2";
			};
			name = Debug;
		};
		DEAC3EA72E3E162400007D9D /* Release */ = {
			isa = XCBuildConfiguration;
			buildSettings = {
				CODE_SIGN_ENTITLEMENTS = zenloopshieldaction/zenloopshieldaction.entitlements;
				CODE_SIGN_STYLE = Automatic;
				CURRENT_PROJECT_VERSION = 1;
				DEVELOPMENT_TEAM = BJN2XLBCFS;
				GENERATE_INFOPLIST_FILE = YES;
				INFOPLIST_FILE = zenloopshieldaction/Info.plist;
				INFOPLIST_KEY_CFBundleDisplayName = zenloopshieldaction;
				INFOPLIST_KEY_NSHumanReadableCopyright = "";
				IPHONEOS_DEPLOYMENT_TARGET = 18.0;
				LD_RUNPATH_SEARCH_PATHS = (
					"$(inherited)",
					"@executable_path/Frameworks",
					"@executable_path/../../Frameworks",
				);
				MARKETING_VERSION = 1.0.1;
				PRODUCT_BUNDLE_IDENTIFIER = com.app.zenloop.zenloopshieldaction;
				PRODUCT_NAME = "$(TARGET_NAME)";
				SDKROOT = iphoneos;
				SKIP_INSTALL = YES;
				SWIFT_EMIT_LOC_STRINGS = YES;
				SWIFT_VERSION = 5.0;
				TARGETED_DEVICE_FAMILY = "1,2";
				VALIDATE_PRODUCT = YES;
			};
			name = Release;
		};
		DEAC3EBA2E3E167500007D9D /* Debug */ = {
			isa = XCBuildConfiguration;
			buildSettings = {
				CODE_SIGN_ENTITLEMENTS = zenloopshieldconfig/zenloopshieldconfig.entitlements;
				CODE_SIGN_STYLE = Automatic;
				CURRENT_PROJECT_VERSION = 1;
				DEVELOPMENT_TEAM = BJN2XLBCFS;
				GENERATE_INFOPLIST_FILE = YES;
				INFOPLIST_FILE = zenloopshieldconfig/Info.plist;
				INFOPLIST_KEY_CFBundleDisplayName = zenloopshieldconfig;
				INFOPLIST_KEY_NSHumanReadableCopyright = "";
				IPHONEOS_DEPLOYMENT_TARGET = 18.0;
				LD_RUNPATH_SEARCH_PATHS = (
					"$(inherited)",
					"@executable_path/Frameworks",
					"@executable_path/../../Frameworks",
				);
				MARKETING_VERSION = 1.0.1;
				PRODUCT_BUNDLE_IDENTIFIER = com.app.zenloop.zenloopshieldconfig;
				PRODUCT_NAME = "$(TARGET_NAME)";
				SDKROOT = iphoneos;
				SKIP_INSTALL = YES;
				SWIFT_EMIT_LOC_STRINGS = YES;
				SWIFT_VERSION = 5.0;
				TARGETED_DEVICE_FAMILY = "1,2";
			};
			name = Debug;
		};
		DEAC3EBB2E3E167500007D9D /* Release */ = {
			isa = XCBuildConfiguration;
			buildSettings = {
				CODE_SIGN_ENTITLEMENTS = zenloopshieldconfig/zenloopshieldconfig.entitlements;
				CODE_SIGN_STYLE = Automatic;
				CURRENT_PROJECT_VERSION = 1;
				DEVELOPMENT_TEAM = BJN2XLBCFS;
				GENERATE_INFOPLIST_FILE = YES;
				INFOPLIST_FILE = zenloopshieldconfig/Info.plist;
				INFOPLIST_KEY_CFBundleDisplayName = zenloopshieldconfig;
				INFOPLIST_KEY_NSHumanReadableCopyright = "";
				IPHONEOS_DEPLOYMENT_TARGET = 18.0;
				LD_RUNPATH_SEARCH_PATHS = (
					"$(inherited)",
					"@executable_path/Frameworks",
					"@executable_path/../../Frameworks",
				);
				MARKETING_VERSION = 1.0.1;
				PRODUCT_BUNDLE_IDENTIFIER = com.app.zenloop.zenloopshieldconfig;
				PRODUCT_NAME = "$(TARGET_NAME)";
				SDKROOT = iphoneos;
				SKIP_INSTALL = YES;
				SWIFT_EMIT_LOC_STRINGS = YES;
				SWIFT_VERSION = 5.0;
				TARGETED_DEVICE_FAMILY = "1,2";
				VALIDATE_PRODUCT = YES;
			};
			name = Release;
		};
		DEC60E9A2E60473A00B4B061 /* Debug */ = {
			isa = XCBuildConfiguration;
			buildSettings = {
				ASSETCATALOG_COMPILER_GLOBAL_ACCENT_COLOR_NAME = AccentColor;
				ASSETCATALOG_COMPILER_WIDGET_BACKGROUND_COLOR_NAME = WidgetBackground;
				CODE_SIGN_ENTITLEMENTS = zenloopwidgetExtension.entitlements;
				CODE_SIGN_STYLE = Automatic;
				CURRENT_PROJECT_VERSION = 1;
				DEVELOPMENT_TEAM = BJN2XLBCFS;
				GENERATE_INFOPLIST_FILE = YES;
				INFOPLIST_FILE = zenloopwidget/Info.plist;
				INFOPLIST_KEY_CFBundleDisplayName = zenloopwidget;
				INFOPLIST_KEY_NSHumanReadableCopyright = "";
				IPHONEOS_DEPLOYMENT_TARGET = 18.0;
				LD_RUNPATH_SEARCH_PATHS = (
					"$(inherited)",
					"@executable_path/Frameworks",
					"@executable_path/../../Frameworks",
				);
				MARKETING_VERSION = 1.0.1;
				PRODUCT_BUNDLE_IDENTIFIER = com.app.zenloop.zenloopwidget;
				PRODUCT_NAME = "$(TARGET_NAME)";
				SDKROOT = iphoneos;
				SKIP_INSTALL = YES;
				SWIFT_EMIT_LOC_STRINGS = YES;
				SWIFT_VERSION = 5.0;
				TARGETED_DEVICE_FAMILY = "1,2";
			};
			name = Debug;
		};
		DEC60E9B2E60473A00B4B061 /* Release */ = {
			isa = XCBuildConfiguration;
			buildSettings = {
				ASSETCATALOG_COMPILER_GLOBAL_ACCENT_COLOR_NAME = AccentColor;
				ASSETCATALOG_COMPILER_WIDGET_BACKGROUND_COLOR_NAME = WidgetBackground;
				CODE_SIGN_ENTITLEMENTS = zenloopwidgetExtension.entitlements;
				CODE_SIGN_STYLE = Automatic;
				CURRENT_PROJECT_VERSION = 1;
				DEVELOPMENT_TEAM = BJN2XLBCFS;
				GENERATE_INFOPLIST_FILE = YES;
				INFOPLIST_FILE = zenloopwidget/Info.plist;
				INFOPLIST_KEY_CFBundleDisplayName = zenloopwidget;
				INFOPLIST_KEY_NSHumanReadableCopyright = "";
				IPHONEOS_DEPLOYMENT_TARGET = 18.0;
				LD_RUNPATH_SEARCH_PATHS = (
					"$(inherited)",
					"@executable_path/Frameworks",
					"@executable_path/../../Frameworks",
				);
				MARKETING_VERSION = 1.0.1;
				PRODUCT_BUNDLE_IDENTIFIER = com.app.zenloop.zenloopwidget;
				PRODUCT_NAME = "$(TARGET_NAME)";
				SDKROOT = iphoneos;
				SKIP_INSTALL = YES;
				SWIFT_EMIT_LOC_STRINGS = YES;
				SWIFT_VERSION = 5.0;
				TARGETED_DEVICE_FAMILY = "1,2";
				VALIDATE_PRODUCT = YES;
			};
			name = Release;
		};
/* End XCBuildConfiguration section */

/* Begin XCConfigurationList section */
		DE4F567B2E3D18EC0014A5D1 /* Build configuration list for PBXProject "zenloop" */ = {
			isa = XCConfigurationList;
			buildConfigurations = (
				DE4F568D2E3D18ED0014A5D1 /* Debug */,
				DE4F568E2E3D18ED0014A5D1 /* Release */,
			);
			defaultConfigurationIsVisible = 0;
			defaultConfigurationName = Release;
		};
		DE4F568F2E3D18ED0014A5D1 /* Build configuration list for PBXNativeTarget "zenloop" */ = {
			isa = XCConfigurationList;
			buildConfigurations = (
				DE4F56902E3D18ED0014A5D1 /* Debug */,
				DE4F56912E3D18ED0014A5D1 /* Release */,
			);
			defaultConfigurationIsVisible = 0;
			defaultConfigurationName = Release;
		};
		DE4F56A32E3D19CC0014A5D1 /* Build configuration list for PBXNativeTarget "zenloopmonitor" */ = {
			isa = XCConfigurationList;
			buildConfigurations = (
				DE4F56A42E3D19CC0014A5D1 /* Debug */,
				DE4F56A52E3D19CC0014A5D1 /* Release */,
			);
			defaultConfigurationIsVisible = 0;
			defaultConfigurationName = Release;
		};
		DE4F56D22E3D1B7B0014A5D1 /* Build configuration list for PBXNativeTarget "zenloopactivity" */ = {
			isa = XCConfigurationList;
			buildConfigurations = (
				DE4F56D32E3D1B7B0014A5D1 /* Debug */,
				DE4F56D42E3D1B7B0014A5D1 /* Release */,
			);
			defaultConfigurationIsVisible = 0;
			defaultConfigurationName = Release;
		};
		DEAC3EA52E3E162400007D9D /* Build configuration list for PBXNativeTarget "zenloopshieldaction" */ = {
			isa = XCConfigurationList;
			buildConfigurations = (
				DEAC3EA62E3E162400007D9D /* Debug */,
				DEAC3EA72E3E162400007D9D /* Release */,
			);
			defaultConfigurationIsVisible = 0;
			defaultConfigurationName = Release;
		};
		DEAC3EB92E3E167500007D9D /* Build configuration list for PBXNativeTarget "zenloopshieldconfig" */ = {
			isa = XCConfigurationList;
			buildConfigurations = (
				DEAC3EBA2E3E167500007D9D /* Debug */,
				DEAC3EBB2E3E167500007D9D /* Release */,
			);
			defaultConfigurationIsVisible = 0;
			defaultConfigurationName = Release;
		};
		DEC60E992E60473A00B4B061 /* Build configuration list for PBXNativeTarget "zenloopwidgetExtension" */ = {
			isa = XCConfigurationList;
			buildConfigurations = (
				DEC60E9A2E60473A00B4B061 /* Debug */,
				DEC60E9B2E60473A00B4B061 /* Release */,
			);
			defaultConfigurationIsVisible = 0;
			defaultConfigurationName = Release;
		};
/* End XCConfigurationList section */

/* Begin XCRemoteSwiftPackageReference section */
		DED4451A2E6804330026AD04 /* XCRemoteSwiftPackageReference "firebase-ios-sdk" */ = {
			isa = XCRemoteSwiftPackageReference;
			repositoryURL = "https://github.com/firebase/firebase-ios-sdk";
			requirement = {
				kind = upToNextMajorVersion;
				minimumVersion = 12.2.0;
			};
		};
/* End XCRemoteSwiftPackageReference section */

/* Begin XCSwiftPackageProductDependency section */
		DED4451B2E6804330026AD04 /* FirebaseAuth */ = {
			isa = XCSwiftPackageProductDependency;
			package = DED4451A2E6804330026AD04 /* XCRemoteSwiftPackageReference "firebase-ios-sdk" */;
			productName = FirebaseAuth;
		};
		DED4451D2E6804330026AD04 /* FirebaseFirestore */ = {
			isa = XCSwiftPackageProductDependency;
			package = DED4451A2E6804330026AD04 /* XCRemoteSwiftPackageReference "firebase-ios-sdk" */;
			productName = FirebaseFirestore;
		};
/* End XCSwiftPackageProductDependency section */
	};
	rootObject = DE4F56782E3D18EC0014A5D1 /* Project object */;
}
